
Microsoft Visual Studio Solution File, Format Version 12.00
# Visual Studio Version 17
VisualStudioVersion = 17.13.35828.75
MinimumVisualStudioVersion = 10.0.40219.1
Project("{FAE04EC0-301F-11D3-BF4B-00C04F79EFBC}") = "Blood-donation", "Blood-donation\Blood-donation.csproj", "{BAD4F631-D0D2-40C1-9CD0-831B790EE583}"
EndProject
Project("{FAE04EC0-301F-11D3-BF4B-00C04F79EFBC}") = "Application", "Application\Application.csproj", "{6F59E8C2-8F89-41C1-A94D-763DF6DC358C}"
EndProject
Project("{FAE04EC0-301F-11D3-BF4B-00C04F79EFBC}") = "Infrastructure", "Infrastructure\Infrastructure.csproj", "{EC34A98F-DA10-4F6B-95C4-076418A4E5EF}"
EndProject
Project("{FAE04EC0-301F-11D3-BF4B-00C04F79EFBC}") = "Domain", "Domain\Domain.csproj", "{D04E90CB-9641-4F79-8E0F-20D8149E49DA}"
EndProject
Project("{FAE04EC0-301F-11D3-BF4B-00C04F79EFBC}") = "Common", "ommon\Common.csproj", "{D91D8E06-3B52-4E7A-96A9-931C53756DEB}"
EndProject
Global
	GlobalSection(SolutionConfigurationPlatforms) = preSolution
		Debug|Any CPU = Debug|Any CPU
		Release|Any CPU = Release|Any CPU
	EndGlobalSection
	GlobalSection(ProjectConfigurationPlatforms) = postSolution
		{BAD4F631-D0D2-40C1-9CD0-831B790EE583}.Debug|Any CPU.ActiveCfg = Debug|Any CPU
		{BAD4F631-D0D2-40C1-9CD0-831B790EE583}.Debug|Any CPU.Build.0 = Debug|Any CPU
		{BAD4F631-D0D2-40C1-9CD0-831B790EE583}.Release|Any CPU.ActiveCfg = Release|Any CPU
		{BAD4F631-D0D2-40C1-9CD0-831B790EE583}.Release|Any CPU.Build.0 = Release|Any CPU
		{6F59E8C2-8F89-41C1-A94D-763DF6DC358C}.Debug|Any CPU.ActiveCfg = Debug|Any CPU
		{6F59E8C2-8F89-41C1-A94D-763DF6DC358C}.Debug|Any CPU.Build.0 = Debug|Any CPU
		{6F59E8C2-8F89-41C1-A94D-763DF6DC358C}.Release|Any CPU.ActiveCfg = Release|Any CPU
		{6F59E8C2-8F89-41C1-A94D-763DF6DC358C}.Release|Any CPU.Build.0 = Release|Any CPU
		{EC34A98F-DA10-4F6B-95C4-076418A4E5EF}.Debug|Any CPU.ActiveCfg = Debug|Any CPU
		{EC34A98F-DA10-4F6B-95C4-076418A4E5EF}.Debug|Any CPU.Build.0 = Debug|Any CPU
		{EC34A98F-DA10-4F6B-95C4-076418A4E5EF}.Release|Any CPU.ActiveCfg = Release|Any CPU
		{EC34A98F-DA10-4F6B-95C4-076418A4E5EF}.Release|Any CPU.Build.0 = Release|Any CPU
		{D04E90CB-9641-4F79-8E0F-20D8149E49DA}.Debug|Any CPU.ActiveCfg = Debug|Any CPU
		{D04E90CB-9641-4F79-8E0F-20D8149E49DA}.Debug|Any CPU.Build.0 = Debug|Any CPU
		{D04E90CB-9641-4F79-8E0F-20D8149E49DA}.Release|Any CPU.ActiveCfg = Release|Any CPU
		{D04E90CB-9641-4F79-8E0F-20D8149E49DA}.Release|Any CPU.Build.0 = Release|Any CPU
		{D91D8E06-3B52-4E7A-96A9-931C53756DEB}.Debug|Any CPU.ActiveCfg = Debug|Any CPU
		{D91D8E06-3B52-4E7A-96A9-931C53756DEB}.Debug|Any CPU.Build.0 = Debug|Any CPU
		{D91D8E06-3B52-4E7A-96A9-931C53756DEB}.Release|Any CPU.ActiveCfg = Release|Any CPU
		{D91D8E06-3B52-4E7A-96A9-931C53756DEB}.Release|Any CPU.Build.0 = Release|Any CPU
	EndGlobalSection
	GlobalSection(SolutionProperties) = preSolution
		HideSolutionNode = FALSE
	EndGlobalSection
	GlobalSection(ExtensibilityGlobals) = postSolution
		SolutionGuid = {3A054851-A8CD-4161-97EC-0CCE7190CF88}
	EndGlobalSection
EndGlobal
